
Microsoft Visual Studio Solution File, Format Version 12.00
# Visual Studio Version 16
VisualStudioVersion = 16.0.28729.10
MinimumVisualStudioVersion = 10.0.40219.1
Project("{9A19103F-16F7-4668-BE54-9A1E7A4F7556}") = "PoeOil", "PoeOil\PoeOil.csproj", "{5B94A9AD-AB05-483F-9D60-543D248D668C}"
EndProject
Project("{FAE04EC0-301F-11D3-BF4B-00C04F79EFBC}") = "PoeOil.Test", "PoeOil.Test\PoeOil.Test.csproj", "{D19632A7-60B1-4182-B81B-C68F1BC5D5F9}"
EndProject
Global
	GlobalSection(SolutionConfigurationPlatforms) = preSolution
		Debug|Any CPU = Debug|Any CPU
		Release|Any CPU = Release|Any CPU
	EndGlobalSection
	GlobalSection(ProjectConfigurationPlatforms) = postSolution
		{5B94A9AD-AB05-483F-9D60-543D248D668C}.Debug|Any CPU.ActiveCfg = Debug|Any CPU
		{5B94A9AD-AB05-483F-9D60-543D248D668C}.Debug|Any CPU.Build.0 = Debug|Any CPU
		{5B94A9AD-AB05-483F-9D60-543D248D668C}.Release|Any CPU.ActiveCfg = Release|Any CPU
		{5B94A9AD-AB05-483F-9D60-543D248D668C}.Release|Any CPU.Build.0 = Release|Any CPU
		{D19632A7-60B1-4182-B81B-C68F1BC5D5F9}.Debug|Any CPU.ActiveCfg = Debug|Any CPU
		{D19632A7-60B1-4182-B81B-C68F1BC5D5F9}.Debug|Any CPU.Build.0 = Debug|Any CPU
		{D19632A7-60B1-4182-B81B-C68F1BC5D5F9}.Release|Any CPU.ActiveCfg = Release|Any CPU
		{D19632A7-60B1-4182-B81B-C68F1BC5D5F9}.Release|Any CPU.Build.0 = Release|Any CPU
	EndGlobalSection
	GlobalSection(SolutionProperties) = preSolution
		HideSolutionNode = FALSE
	EndGlobalSection
	GlobalSection(ExtensibilityGlobals) = postSolution
		SolutionGuid = {B151339D-D158-4FBE-A893-33272B8A68AA}
	EndGlobalSection
EndGlobal
